<?xml version="1.0" encoding="utf-8"?>
<Project ToolsVersion="4.0" xmlns="http://schemas.microsoft.com/developer/msbuild/2003">
  <ItemGroup>
    <Filter Include="소스 파일">
      <UniqueIdentifier>{4FC737F1-C7A5-4376-A066-2A32D752A2FF}</UniqueIdentifier>
      <Extensions>cpp;c;cc;cxx;c++;cppm;ixx;def;odl;idl;hpj;bat;asm;asmx</Extensions>
    </Filter>
    <Filter Include="헤더 파일">
      <UniqueIdentifier>{93995380-89BD-4b04-88EB-625FBE52EBFB}</UniqueIdentifier>
      <Extensions>h;hh;hpp;hxx;h++;hm;inl;inc;ipp;xsd</Extensions>
    </Filter>
    <Filter Include="리소스 파일">
      <UniqueIdentifier>{67DA6AB6-F800-4c08-8B7A-83BB121AAD01}</UniqueIdentifier>
      <Extensions>rc;ico;cur;bmp;dlg;rc2;rct;bin;rgs;gif;jpg;jpeg;jpe;resx;tiff;tif;png;wav;mfcribbon-ms</Extensions>
    </Filter>
  </ItemGroup>
  <ItemGroup>
    <ClInclude Include="fileDownloaderClient.h">
      <Filter>헤더 파일</Filter>
    </ClInclude>
    <ClInclude Include="fileDownloaderClientDlg.h">
      <Filter>헤더 파일</Filter>
    </ClInclude>
    <ClInclude Include="framework.h">
      <Filter>헤더 파일</Filter>
    </ClInclude>
    <ClInclude Include="targetver.h">
      <Filter>헤더 파일</Filter>
    </ClInclude>
    <ClInclude Include="Resource.h">
      <Filter>헤더 파일</Filter>
    </ClInclude>
    <ClInclude Include="pch.h">
      <Filter>헤더 파일</Filter>
    </ClInclude>
    <ClInclude Include="logViewer.h">
      <Filter>헤더 파일</Filter>
    </ClInclude>
    <ClInclude Include="prettyButton.h">
      <Filter>헤더 파일</Filter>
    </ClInclude>
    <ClInclude Include="cbufferdc.h">
      <Filter>헤더 파일</Filter>
    </ClInclude>
    <ClInclude Include="coreui.h">
      <Filter>헤더 파일</Filter>
    </ClInclude>
    <ClInclude Include="mymemdc.h">
      <Filter>헤더 파일</Filter>
    </ClInclude>
    <ClInclude Include="logPanel.h">
      <Filter>헤더 파일</Filter>
    </ClInclude>
    <ClInclude Include="cTabPage.h">
      <Filter>헤더 파일</Filter>
    </ClInclude>
    <ClInclude Include="groupbox.h">
      <Filter>헤더 파일</Filter>
    </ClInclude>
    <ClInclude Include="pageManager.h">
      <Filter>헤더 파일</Filter>
    </ClInclude>
    <ClInclude Include="listviewer.h">
      <Filter>헤더 파일</Filter>
    </ClInclude>
    <ClInclude Include="listElement.h">
      <Filter>헤더 파일</Filter>
    </ClInclude>
    <ClInclude Include="filePanel.h">
      <Filter>헤더 파일</Filter>
    </ClInclude>
  </ItemGroup>
  <ItemGroup>
    <ClCompile Include="fileDownloaderClient.cpp">
      <Filter>소스 파일</Filter>
    </ClCompile>
    <ClCompile Include="fileDownloaderClientDlg.cpp">
      <Filter>소스 파일</Filter>
    </ClCompile>
    <ClCompile Include="pch.cpp">
      <Filter>소스 파일</Filter>
    </ClCompile>
    <ClCompile Include="logViewer.cpp">
      <Filter>소스 파일</Filter>
    </ClCompile>
    <ClCompile Include="prettyButton.cpp">
      <Filter>소스 파일</Filter>
    </ClCompile>
    <ClCompile Include="cbufferdc.cpp">
      <Filter>소스 파일</Filter>
    </ClCompile>
    <ClCompile Include="coreui.cpp">
      <Filter>소스 파일</Filter>
    </ClCompile>
    <ClCompile Include="logPanel.cpp">
      <Filter>소스 파일</Filter>
    </ClCompile>
    <ClCompile Include="cTabPage.cpp">
      <Filter>소스 파일</Filter>
    </ClCompile>
    <ClCompile Include="groupbox.cpp">
      <Filter>소스 파일</Filter>
    </ClCompile>
    <ClCompile Include="pageManager.cpp">
      <Filter>소스 파일</Filter>
    </ClCompile>
    <ClCompile Include="listviewer.cpp">
      <Filter>소스 파일</Filter>
    </ClCompile>
    <ClCompile Include="listElement.cpp">
      <Filter>소스 파일</Filter>
    </ClCompile>
    <ClCompile Include="filePanel.cpp">
      <Filter>소스 파일</Filter>
    </ClCompile>
  </ItemGroup>
  <ItemGroup>
    <ResourceCompile Include="fileDownloaderClient.rc">
      <Filter>리소스 파일</Filter>
    </ResourceCompile>
  </ItemGroup>
  <ItemGroup>
    <None Include="res\fileDownloaderClient.rc2">
      <Filter>리소스 파일</Filter>
    </None>
  </ItemGroup>
  <ItemGroup>
    <Image Include="res\fileDownloaderClient.ico">
      <Filter>리소스 파일</Filter>
    </Image>
  </ItemGroup>
</Project>